
Microsoft Visual Studio Solution File, Format Version 12.00
# Visual Studio 15
VisualStudioVersion = 15.0.27703.2026
MinimumVisualStudioVersion = 10.0.40219.1
Project("{FAE04EC0-301F-11D3-BF4B-00C04F79EFBC}") = "udf", "udf\udf.csproj", "{05843948-4C61-498D-98BC-85BBB24784E8}"
EndProject
Global
	GlobalSection(SolutionConfigurationPlatforms) = preSolution
		Debug|Any CPU = Debug|Any CPU
		Release|Any CPU = Release|Any CPU
	EndGlobalSection
	GlobalSection(ProjectConfigurationPlatforms) = postSolution
		{05843948-4C61-498D-98BC-85BBB24784E8}.Debug|Any CPU.ActiveCfg = Debug|Any CPU
		{05843948-4C61-498D-98BC-85BBB24784E8}.Debug|Any CPU.Build.0 = Debug|Any CPU
		{05843948-4C61-498D-98BC-85BBB24784E8}.Release|Any CPU.ActiveCfg = Release|Any CPU
		{05843948-4C61-498D-98BC-85BBB24784E8}.Release|Any CPU.Build.0 = Release|Any CPU
	EndGlobalSection
	GlobalSection(SolutionProperties) = preSolution
		HideSolutionNode = FALSE
	EndGlobalSection
	GlobalSection(ExtensibilityGlobals) = postSolution
		SolutionGuid = {E0EE9B09-7258-4F04-817B-EDB8F3786605}
	EndGlobalSection
EndGlobal
